
Microsoft Visual Studio Solution File, Format Version 12.00
# Visual Studio Version 17
VisualStudioVersion = 17.9.34607.119
MinimumVisualStudioVersion = 10.0.40219.1
Project("{9A19103F-16F7-4668-BE54-9A1E7A4F7556}") = "Some.Web", "Some\Some.Web.csproj", "{F2C888D0-90B8-405C-9624-92A0763EDCF0}"
EndProject
Project("{FAE04EC0-301F-11D3-BF4B-00C04F79EFBC}") = "Some.Domain", "Some.Domain\Some.Domain.csproj", "{139E5A76-91C4-40F3-BD59-C2124AAE1105}"
EndProject
Project("{FAE04EC0-301F-11D3-BF4B-00C04F79EFBC}") = "Some.Importer", "Some.Importer\Some.Importer.csproj", "{77792C3B-5682-4859-98D2-2A5CFD41AE1D}"
EndProject
Global
	GlobalSection(SolutionConfigurationPlatforms) = preSolution
		Debug|Any CPU = Debug|Any CPU
		Release|Any CPU = Release|Any CPU
	EndGlobalSection
	GlobalSection(ProjectConfigurationPlatforms) = postSolution
		{F2C888D0-90B8-405C-9624-92A0763EDCF0}.Debug|Any CPU.ActiveCfg = Debug|Any CPU
		{F2C888D0-90B8-405C-9624-92A0763EDCF0}.Debug|Any CPU.Build.0 = Debug|Any CPU
		{F2C888D0-90B8-405C-9624-92A0763EDCF0}.Release|Any CPU.ActiveCfg = Release|Any CPU
		{F2C888D0-90B8-405C-9624-92A0763EDCF0}.Release|Any CPU.Build.0 = Release|Any CPU
		{139E5A76-91C4-40F3-BD59-C2124AAE1105}.Debug|Any CPU.ActiveCfg = Debug|Any CPU
		{139E5A76-91C4-40F3-BD59-C2124AAE1105}.Debug|Any CPU.Build.0 = Debug|Any CPU
		{139E5A76-91C4-40F3-BD59-C2124AAE1105}.Release|Any CPU.ActiveCfg = Release|Any CPU
		{139E5A76-91C4-40F3-BD59-C2124AAE1105}.Release|Any CPU.Build.0 = Release|Any CPU
		{77792C3B-5682-4859-98D2-2A5CFD41AE1D}.Debug|Any CPU.ActiveCfg = Debug|Any CPU
		{77792C3B-5682-4859-98D2-2A5CFD41AE1D}.Debug|Any CPU.Build.0 = Debug|Any CPU
		{77792C3B-5682-4859-98D2-2A5CFD41AE1D}.Release|Any CPU.ActiveCfg = Release|Any CPU
		{77792C3B-5682-4859-98D2-2A5CFD41AE1D}.Release|Any CPU.Build.0 = Release|Any CPU
	EndGlobalSection
	GlobalSection(SolutionProperties) = preSolution
		HideSolutionNode = FALSE
	EndGlobalSection
	GlobalSection(ExtensibilityGlobals) = postSolution
		SolutionGuid = {F47F2521-1E9B-4D5D-B703-23D6EF0496B2}
	EndGlobalSection
EndGlobal
